
Microsoft Visual Studio Solution File, Format Version 12.00
# Visual Studio Version 17
VisualStudioVersion = 17.5.33516.290
MinimumVisualStudioVersion = 10.0.40219.1
Project("{FAE04EC0-301F-11D3-BF4B-00C04F79EFBC}") = "WaveWpf", "WaveWpf\WaveWpf.csproj", "{1536C661-C1DA-427B-A0DC-7A5DE8E3375D}"
EndProject
Global
	GlobalSection(SolutionConfigurationPlatforms) = preSolution
		Debug|Any CPU = Debug|Any CPU
		Release|Any CPU = Release|Any CPU
	EndGlobalSection
	GlobalSection(ProjectConfigurationPlatforms) = postSolution
		{1536C661-C1DA-427B-A0DC-7A5DE8E3375D}.Debug|Any CPU.ActiveCfg = Debug|Any CPU
		{1536C661-C1DA-427B-A0DC-7A5DE8E3375D}.Debug|Any CPU.Build.0 = Debug|Any CPU
		{1536C661-C1DA-427B-A0DC-7A5DE8E3375D}.Release|Any CPU.ActiveCfg = Release|Any CPU
		{1536C661-C1DA-427B-A0DC-7A5DE8E3375D}.Release|Any CPU.Build.0 = Release|Any CPU
	EndGlobalSection
	GlobalSection(SolutionProperties) = preSolution
		HideSolutionNode = FALSE
	EndGlobalSection
	GlobalSection(ExtensibilityGlobals) = postSolution
		SolutionGuid = {FD97518E-31B2-4A06-9EA8-9890154E68F7}
	EndGlobalSection
EndGlobal
